
Microsoft Visual Studio Solution File, Format Version 12.00
# Visual Studio 15
VisualStudioVersion = 15.0.28010.2048
MinimumVisualStudioVersion = 10.0.40219.1
Project("{9A19103F-16F7-4668-BE54-9A1E7A4F7556}") = "BlockchainCommon", "src\BlockchainCommon\BlockchainCommon.csproj", "{712D5EBC-5221-431E-AE6D-B4941710ABF5}"
EndProject
Project("{9A19103F-16F7-4668-BE54-9A1E7A4F7556}") = "Daemon", "src\Daemon\Daemon.csproj", "{C2AEA693-BF07-4252-9C5A-F941FE9DECE1}"
EndProject
Project("{9A19103F-16F7-4668-BE54-9A1E7A4F7556}") = "Miner", "src\Miner\Miner.csproj", "{5A2088B7-DF5D-409A-AB2A-D12803FB3FE6}"
EndProject
Project("{9A19103F-16F7-4668-BE54-9A1E7A4F7556}") = "WalletService", "src\WalletService\WalletService.csproj", "{CB4C7203-EDB9-4B86-9BC7-F07F558888BC}"
EndProject
Project("{9A19103F-16F7-4668-BE54-9A1E7A4F7556}") = "Wallet", "src\Wallet\Wallet.csproj", "{AD5F6F3C-443B-4B9C-9226-616F64241F22}"
EndProject
Project("{9A19103F-16F7-4668-BE54-9A1E7A4F7556}") = "ZedWallet", "src\ZedWallet\ZedWallet.csproj", "{960AB25F-71BF-4B50-B00C-6140367D7774}"
EndProject
Project("{2150E333-8FDC-42A3-9474-1A3956D46DE8}") = "Solution Items", "Solution Items", "{3AB8E8CC-E391-40C5-B1C5-0F5DC707A820}"
	ProjectSection(SolutionItems) = preProject
		LICENSE.txt = LICENSE.txt
		README.md = README.md
	EndProjectSection
EndProject
Project("{8BC9CEB8-8B4A-11D0-8D11-00A0C91BC942}") = "Crypto", "src\Crypto\Crypto.vcxproj", "{F7C341A3-B6A7-4BD1-BEB2-69E8C6D8B2E3}"
EndProject
Global
	GlobalSection(SolutionConfigurationPlatforms) = preSolution
		Debug|Any CPU = Debug|Any CPU
		Debug|x64 = Debug|x64
		Debug|x86 = Debug|x86
		Release|Any CPU = Release|Any CPU
		Release|x64 = Release|x64
		Release|x86 = Release|x86
	EndGlobalSection
	GlobalSection(ProjectConfigurationPlatforms) = postSolution
		{712D5EBC-5221-431E-AE6D-B4941710ABF5}.Debug|Any CPU.ActiveCfg = Debug|Any CPU
		{712D5EBC-5221-431E-AE6D-B4941710ABF5}.Debug|Any CPU.Build.0 = Debug|Any CPU
		{712D5EBC-5221-431E-AE6D-B4941710ABF5}.Debug|x64.ActiveCfg = Debug|Any CPU
		{712D5EBC-5221-431E-AE6D-B4941710ABF5}.Debug|x64.Build.0 = Debug|Any CPU
		{712D5EBC-5221-431E-AE6D-B4941710ABF5}.Debug|x86.ActiveCfg = Debug|Any CPU
		{712D5EBC-5221-431E-AE6D-B4941710ABF5}.Debug|x86.Build.0 = Debug|Any CPU
		{712D5EBC-5221-431E-AE6D-B4941710ABF5}.Release|Any CPU.ActiveCfg = Release|Any CPU
		{712D5EBC-5221-431E-AE6D-B4941710ABF5}.Release|Any CPU.Build.0 = Release|Any CPU
		{712D5EBC-5221-431E-AE6D-B4941710ABF5}.Release|x64.ActiveCfg = Release|Any CPU
		{712D5EBC-5221-431E-AE6D-B4941710ABF5}.Release|x64.Build.0 = Release|Any CPU
		{712D5EBC-5221-431E-AE6D-B4941710ABF5}.Release|x86.ActiveCfg = Release|Any CPU
		{712D5EBC-5221-431E-AE6D-B4941710ABF5}.Release|x86.Build.0 = Release|Any CPU
		{C2AEA693-BF07-4252-9C5A-F941FE9DECE1}.Debug|Any CPU.ActiveCfg = Debug|Any CPU
		{C2AEA693-BF07-4252-9C5A-F941FE9DECE1}.Debug|Any CPU.Build.0 = Debug|Any CPU
		{C2AEA693-BF07-4252-9C5A-F941FE9DECE1}.Debug|x64.ActiveCfg = Debug|Any CPU
		{C2AEA693-BF07-4252-9C5A-F941FE9DECE1}.Debug|x64.Build.0 = Debug|Any CPU
		{C2AEA693-BF07-4252-9C5A-F941FE9DECE1}.Debug|x86.ActiveCfg = Debug|Any CPU
		{C2AEA693-BF07-4252-9C5A-F941FE9DECE1}.Debug|x86.Build.0 = Debug|Any CPU
		{C2AEA693-BF07-4252-9C5A-F941FE9DECE1}.Release|Any CPU.ActiveCfg = Release|Any CPU
		{C2AEA693-BF07-4252-9C5A-F941FE9DECE1}.Release|Any CPU.Build.0 = Release|Any CPU
		{C2AEA693-BF07-4252-9C5A-F941FE9DECE1}.Release|x64.ActiveCfg = Release|Any CPU
		{C2AEA693-BF07-4252-9C5A-F941FE9DECE1}.Release|x64.Build.0 = Release|Any CPU
		{C2AEA693-BF07-4252-9C5A-F941FE9DECE1}.Release|x86.ActiveCfg = Release|Any CPU
		{C2AEA693-BF07-4252-9C5A-F941FE9DECE1}.Release|x86.Build.0 = Release|Any CPU
		{5A2088B7-DF5D-409A-AB2A-D12803FB3FE6}.Debug|Any CPU.ActiveCfg = Debug|Any CPU
		{5A2088B7-DF5D-409A-AB2A-D12803FB3FE6}.Debug|Any CPU.Build.0 = Debug|Any CPU
		{5A2088B7-DF5D-409A-AB2A-D12803FB3FE6}.Debug|x64.ActiveCfg = Debug|Any CPU
		{5A2088B7-DF5D-409A-AB2A-D12803FB3FE6}.Debug|x64.Build.0 = Debug|Any CPU
		{5A2088B7-DF5D-409A-AB2A-D12803FB3FE6}.Debug|x86.ActiveCfg = Debug|Any CPU
		{5A2088B7-DF5D-409A-AB2A-D12803FB3FE6}.Debug|x86.Build.0 = Debug|Any CPU
		{5A2088B7-DF5D-409A-AB2A-D12803FB3FE6}.Release|Any CPU.ActiveCfg = Release|Any CPU
		{5A2088B7-DF5D-409A-AB2A-D12803FB3FE6}.Release|Any CPU.Build.0 = Release|Any CPU
		{5A2088B7-DF5D-409A-AB2A-D12803FB3FE6}.Release|x64.ActiveCfg = Release|Any CPU
		{5A2088B7-DF5D-409A-AB2A-D12803FB3FE6}.Release|x64.Build.0 = Release|Any CPU
		{5A2088B7-DF5D-409A-AB2A-D12803FB3FE6}.Release|x86.ActiveCfg = Release|Any CPU
		{5A2088B7-DF5D-409A-AB2A-D12803FB3FE6}.Release|x86.Build.0 = Release|Any CPU
		{CB4C7203-EDB9-4B86-9BC7-F07F558888BC}.Debug|Any CPU.ActiveCfg = Debug|Any CPU
		{CB4C7203-EDB9-4B86-9BC7-F07F558888BC}.Debug|Any CPU.Build.0 = Debug|Any CPU
		{CB4C7203-EDB9-4B86-9BC7-F07F558888BC}.Debug|x64.ActiveCfg = Debug|Any CPU
		{CB4C7203-EDB9-4B86-9BC7-F07F558888BC}.Debug|x64.Build.0 = Debug|Any CPU
		{CB4C7203-EDB9-4B86-9BC7-F07F558888BC}.Debug|x86.ActiveCfg = Debug|Any CPU
		{CB4C7203-EDB9-4B86-9BC7-F07F558888BC}.Debug|x86.Build.0 = Debug|Any CPU
		{CB4C7203-EDB9-4B86-9BC7-F07F558888BC}.Release|Any CPU.ActiveCfg = Release|Any CPU
		{CB4C7203-EDB9-4B86-9BC7-F07F558888BC}.Release|Any CPU.Build.0 = Release|Any CPU
		{CB4C7203-EDB9-4B86-9BC7-F07F558888BC}.Release|x64.ActiveCfg = Release|Any CPU
		{CB4C7203-EDB9-4B86-9BC7-F07F558888BC}.Release|x64.Build.0 = Release|Any CPU
		{CB4C7203-EDB9-4B86-9BC7-F07F558888BC}.Release|x86.ActiveCfg = Release|Any CPU
		{CB4C7203-EDB9-4B86-9BC7-F07F558888BC}.Release|x86.Build.0 = Release|Any CPU
		{AD5F6F3C-443B-4B9C-9226-616F64241F22}.Debug|Any CPU.ActiveCfg = Debug|Any CPU
		{AD5F6F3C-443B-4B9C-9226-616F64241F22}.Debug|Any CPU.Build.0 = Debug|Any CPU
		{AD5F6F3C-443B-4B9C-9226-616F64241F22}.Debug|x64.ActiveCfg = Debug|Any CPU
		{AD5F6F3C-443B-4B9C-9226-616F64241F22}.Debug|x64.Build.0 = Debug|Any CPU
		{AD5F6F3C-443B-4B9C-9226-616F64241F22}.Debug|x86.ActiveCfg = Debug|Any CPU
		{AD5F6F3C-443B-4B9C-9226-616F64241F22}.Debug|x86.Build.0 = Debug|Any CPU
		{AD5F6F3C-443B-4B9C-9226-616F64241F22}.Release|Any CPU.ActiveCfg = Release|Any CPU
		{AD5F6F3C-443B-4B9C-9226-616F64241F22}.Release|Any CPU.Build.0 = Release|Any CPU
		{AD5F6F3C-443B-4B9C-9226-616F64241F22}.Release|x64.ActiveCfg = Release|Any CPU
		{AD5F6F3C-443B-4B9C-9226-616F64241F22}.Release|x64.Build.0 = Release|Any CPU
		{AD5F6F3C-443B-4B9C-9226-616F64241F22}.Release|x86.ActiveCfg = Release|Any CPU
		{AD5F6F3C-443B-4B9C-9226-616F64241F22}.Release|x86.Build.0 = Release|Any CPU
		{960AB25F-71BF-4B50-B00C-6140367D7774}.Debug|Any CPU.ActiveCfg = Debug|Any CPU
		{960AB25F-71BF-4B50-B00C-6140367D7774}.Debug|Any CPU.Build.0 = Debug|Any CPU
		{960AB25F-71BF-4B50-B00C-6140367D7774}.Debug|x64.ActiveCfg = Debug|Any CPU
		{960AB25F-71BF-4B50-B00C-6140367D7774}.Debug|x64.Build.0 = Debug|Any CPU
		{960AB25F-71BF-4B50-B00C-6140367D7774}.Debug|x86.ActiveCfg = Debug|Any CPU
		{960AB25F-71BF-4B50-B00C-6140367D7774}.Debug|x86.Build.0 = Debug|Any CPU
		{960AB25F-71BF-4B50-B00C-6140367D7774}.Release|Any CPU.ActiveCfg = Release|Any CPU
		{960AB25F-71BF-4B50-B00C-6140367D7774}.Release|Any CPU.Build.0 = Release|Any CPU
		{960AB25F-71BF-4B50-B00C-6140367D7774}.Release|x64.ActiveCfg = Release|Any CPU
		{960AB25F-71BF-4B50-B00C-6140367D7774}.Release|x64.Build.0 = Release|Any CPU
		{960AB25F-71BF-4B50-B00C-6140367D7774}.Release|x86.ActiveCfg = Release|Any CPU
		{960AB25F-71BF-4B50-B00C-6140367D7774}.Release|x86.Build.0 = Release|Any CPU
		{F7C341A3-B6A7-4BD1-BEB2-69E8C6D8B2E3}.Debug|Any CPU.ActiveCfg = Debug|Win32
		{F7C341A3-B6A7-4BD1-BEB2-69E8C6D8B2E3}.Debug|x64.ActiveCfg = Debug|x64
		{F7C341A3-B6A7-4BD1-BEB2-69E8C6D8B2E3}.Debug|x64.Build.0 = Debug|x64
		{F7C341A3-B6A7-4BD1-BEB2-69E8C6D8B2E3}.Debug|x86.ActiveCfg = Debug|Win32
		{F7C341A3-B6A7-4BD1-BEB2-69E8C6D8B2E3}.Debug|x86.Build.0 = Debug|Win32
		{F7C341A3-B6A7-4BD1-BEB2-69E8C6D8B2E3}.Release|Any CPU.ActiveCfg = Release|Win32
		{F7C341A3-B6A7-4BD1-BEB2-69E8C6D8B2E3}.Release|x64.ActiveCfg = Release|x64
		{F7C341A3-B6A7-4BD1-BEB2-69E8C6D8B2E3}.Release|x64.Build.0 = Release|x64
		{F7C341A3-B6A7-4BD1-BEB2-69E8C6D8B2E3}.Release|x86.ActiveCfg = Release|Win32
		{F7C341A3-B6A7-4BD1-BEB2-69E8C6D8B2E3}.Release|x86.Build.0 = Release|Win32
	EndGlobalSection
	GlobalSection(SolutionProperties) = preSolution
		HideSolutionNode = FALSE
	EndGlobalSection
	GlobalSection(ExtensibilityGlobals) = postSolution
		SolutionGuid = {03F0A79F-FB78-4D95-8376-55404A05F271}
	EndGlobalSection
EndGlobal
